// !$*UTF8*$!
{
	archiveVersion = 1;
	classes = {
	};
	objectVersion = 50;
	objects = {

/* Begin PBXBuildFile section */
		EF9C5C8321114DC100C7563A /* AppDelegate.m in Sources */ = {isa = PBXBuildFile; fileRef = EF9C5C8221114DC100C7563A /* AppDelegate.m */; };
		EF9C5C8621114DC100C7563A /* DocumentBrowserViewController.m in Sources */ = {isa = PBXBuildFile; fileRef = EF9C5C8521114DC100C7563A /* DocumentBrowserViewController.m */; };
		EF9C5C8921114DC100C7563A /* DocumentViewController.m in Sources */ = {isa = PBXBuildFile; fileRef = EF9C5C8821114DC100C7563A /* DocumentViewController.m */; };
		EF9C5C8C21114DC100C7563A /* Document.m in Sources */ = {isa = PBXBuildFile; fileRef = EF9C5C8B21114DC100C7563A /* Document.m */; };
		EF9C5C8F21114DC100C7563A /* Main.storyboard in Resources */ = {isa = PBXBuildFile; fileRef = EF9C5C8D21114DC100C7563A /* Main.storyboard */; };
		EF9C5C9121114DC200C7563A /* Assets.xcassets in Resources */ = {isa = PBXBuildFile; fileRef = EF9C5C9021114DC200C7563A /* Assets.xcassets */; };
		EF9C5C9421114DC200C7563A /* LaunchScreen.storyboard in Resources */ = {isa = PBXBuildFile; fileRef = EF9C5C9221114DC200C7563A /* LaunchScreen.storyboard */; };
		EF9C5C9721114DC200C7563A /* main.m in Sources */ = {isa = PBXBuildFile; fileRef = EF9C5C9621114DC200C7563A /* main.m */; };
		EF9C5CA121114DC300C7563A /* AndJummumUrlTests.m in Sources */ = {isa = PBXBuildFile; fileRef = EF9C5CA021114DC300C7563A /* AndJummumUrlTests.m */; };
		EF9C5CAC21114DC300C7563A /* AndJummumUrlUITests.m in Sources */ = {isa = PBXBuildFile; fileRef = EF9C5CAB21114DC300C7563A /* AndJummumUrlUITests.m */; };
		EF9C5D0221116FF700C7563A /* AndJummum Url in Resources */ = {isa = PBXBuildFile; fileRef = EF9C5D0121116FF700C7563A /* AndJummum Url */; };
/* End PBXBuildFile section */

/* Begin PBXContainerItemProxy section */
		EF9C5C9D21114DC300C7563A /* PBXContainerItemProxy */ = {
			isa = PBXContainerItemProxy;
			containerPortal = EF9C5C7621114DC000C7563A /* Project object */;
			proxyType = 1;
			remoteGlobalIDString = EF9C5C7D21114DC000C7563A;
			remoteInfo = AndJummumUrl;
		};
		EF9C5CA821114DC300C7563A /* PBXContainerItemProxy */ = {
			isa = PBXContainerItemProxy;
			containerPortal = EF9C5C7621114DC000C7563A /* Project object */;
			proxyType = 1;
			remoteGlobalIDString = EF9C5C7D21114DC000C7563A;
			remoteInfo = AndJummumUrl;
		};
/* End PBXContainerItemProxy section */

/* Begin PBXFileReference section */
		EF9C5C7E21114DC000C7563A /* AndJummumUrl.app */ = {isa = PBXFileReference; explicitFileType = wrapper.application; includeInIndex = 0; path = AndJummumUrl.app; sourceTree = BUILT_PRODUCTS_DIR; };
		EF9C5C8121114DC000C7563A /* AppDelegate.h */ = {isa = PBXFileReference; lastKnownFileType = sourcecode.c.h; path = AppDelegate.h; sourceTree = "<group>"; };
		EF9C5C8221114DC100C7563A /* AppDelegate.m */ = {isa = PBXFileReference; lastKnownFileType = sourcecode.c.objc; path = AppDelegate.m; sourceTree = "<group>"; };
		EF9C5C8421114DC100C7563A /* DocumentBrowserViewController.h */ = {isa = PBXFileReference; lastKnownFileType = sourcecode.c.h; path = DocumentBrowserViewController.h; sourceTree = "<group>"; };
		EF9C5C8521114DC100C7563A /* DocumentBrowserViewController.m */ = {isa = PBXFileReference; lastKnownFileType = sourcecode.c.objc; path = DocumentBrowserViewController.m; sourceTree = "<group>"; };
		EF9C5C8721114DC100C7563A /* DocumentViewController.h */ = {isa = PBXFileReference; lastKnownFileType = sourcecode.c.h; path = DocumentViewController.h; sourceTree = "<group>"; };
		EF9C5C8821114DC100C7563A /* DocumentViewController.m */ = {isa = PBXFileReference; lastKnownFileType = sourcecode.c.objc; path = DocumentViewController.m; sourceTree = "<group>"; };
		EF9C5C8A21114DC100C7563A /* Document.h */ = {isa = PBXFileReference; lastKnownFileType = sourcecode.c.h; path = Document.h; sourceTree = "<group>"; };
		EF9C5C8B21114DC100C7563A /* Document.m */ = {isa = PBXFileReference; lastKnownFileType = sourcecode.c.objc; path = Document.m; sourceTree = "<group>"; };
		EF9C5C8E21114DC100C7563A /* Base */ = {isa = PBXFileReference; lastKnownFileType = file.storyboard; name = Base; path = Base.lproj/Main.storyboard; sourceTree = "<group>"; };
		EF9C5C9021114DC200C7563A /* Assets.xcassets */ = {isa = PBXFileReference; lastKnownFileType = folder.assetcatalog; path = Assets.xcassets; sourceTree = "<group>"; };
		EF9C5C9321114DC200C7563A /* Base */ = {isa = PBXFileReference; lastKnownFileType = file.storyboard; name = Base; path = Base.lproj/LaunchScreen.storyboard; sourceTree = "<group>"; };
		EF9C5C9521114DC200C7563A /* Info.plist */ = {isa = PBXFileReference; lastKnownFileType = text.plist.xml; path = Info.plist; sourceTree = "<group>"; };
		EF9C5C9621114DC200C7563A /* main.m */ = {isa = PBXFileReference; lastKnownFileType = sourcecode.c.objc; path = main.m; sourceTree = "<group>"; };
		EF9C5C9C21114DC300C7563A /* AndJummumUrlTests.xctest */ = {isa = PBXFileReference; explicitFileType = wrapper.cfbundle; includeInIndex = 0; path = AndJummumUrlTests.xctest; sourceTree = BUILT_PRODUCTS_DIR; };
		EF9C5CA021114DC300C7563A /* AndJummumUrlTests.m */ = {isa = PBXFileReference; lastKnownFileType = sourcecode.c.objc; path = AndJummumUrlTests.m; sourceTree = "<group>"; };
		EF9C5CA221114DC300C7563A /* Info.plist */ = {isa = PBXFileReference; lastKnownFileType = text.plist.xml; path = Info.plist; sourceTree = "<group>"; };
		EF9C5CA721114DC300C7563A /* AndJummumUrlUITests.xctest */ = {isa = PBXFileReference; explicitFileType = wrapper.cfbundle; includeInIndex = 0; path = AndJummumUrlUITests.xctest; sourceTree = BUILT_PRODUCTS_DIR; };
		EF9C5CAB21114DC300C7563A /* AndJummumUrlUITests.m */ = {isa = PBXFileReference; lastKnownFileType = sourcecode.c.objc; path = AndJummumUrlUITests.m; sourceTree = "<group>"; };
		EF9C5CAD21114DC300C7563A /* Info.plist */ = {isa = PBXFileReference; lastKnownFileType = text.plist.xml; path = Info.plist; sourceTree = "<group>"; };
		EF9C5D0121116FF700C7563A /* AndJummum Url */ = {isa = PBXFileReference; lastKnownFileType = folder; path = "AndJummum Url"; sourceTree = "<group>"; };
/* End PBXFileReference section */

/* Begin PBXFrameworksBuildPhase section */
		EF9C5C7B21114DC000C7563A /* Frameworks */ = {
			isa = PBXFrameworksBuildPhase;
			buildActionMask = 2147483647;
			files = (
			);
			runOnlyForDeploymentPostprocessing = 0;
		};
		EF9C5C9921114DC300C7563A /* Frameworks */ = {
			isa = PBXFrameworksBuildPhase;
			buildActionMask = 2147483647;
			files = (
			);
			runOnlyForDeploymentPostprocessing = 0;
		};
		EF9C5CA421114DC300C7563A /* Frameworks */ = {
			isa = PBXFrameworksBuildPhase;
			buildActionMask = 2147483647;
			files = (
			);
			runOnlyForDeploymentPostprocessing = 0;
		};
/* End PBXFrameworksBuildPhase section */

/* Begin PBXGroup section */
		EF9C5C7521114DC000C7563A = {
			isa = PBXGroup;
			children = (
				EF9C5D0121116FF700C7563A /* AndJummum Url */,
				EF9C5C8021114DC000C7563A /* AndJummumUrl */,
				EF9C5C9F21114DC300C7563A /* AndJummumUrlTests */,
				EF9C5CAA21114DC300C7563A /* AndJummumUrlUITests */,
				EF9C5C7F21114DC000C7563A /* Products */,
			);
			sourceTree = "<group>";
		};
		EF9C5C7F21114DC000C7563A /* Products */ = {
			isa = PBXGroup;
			children = (
				EF9C5C7E21114DC000C7563A /* AndJummumUrl.app */,
				EF9C5C9C21114DC300C7563A /* AndJummumUrlTests.xctest */,
				EF9C5CA721114DC300C7563A /* AndJummumUrlUITests.xctest */,
			);
			name = Products;
			sourceTree = "<group>";
		};
		EF9C5C8021114DC000C7563A /* AndJummumUrl */ = {
			isa = PBXGroup;
			children = (
				EF9C5C8121114DC000C7563A /* AppDelegate.h */,
				EF9C5C8221114DC100C7563A /* AppDelegate.m */,
				EF9C5C8421114DC100C7563A /* DocumentBrowserViewController.h */,
				EF9C5C8521114DC100C7563A /* DocumentBrowserViewController.m */,
				EF9C5C8721114DC100C7563A /* DocumentViewController.h */,
				EF9C5C8821114DC100C7563A /* DocumentViewController.m */,
				EF9C5C8A21114DC100C7563A /* Document.h */,
				EF9C5C8B21114DC100C7563A /* Document.m */,
				EF9C5C8D21114DC100C7563A /* Main.storyboard */,
				EF9C5C9021114DC200C7563A /* Assets.xcassets */,
				EF9C5C9221114DC200C7563A /* LaunchScreen.storyboard */,
				EF9C5C9521114DC200C7563A /* Info.plist */,
				EF9C5C9621114DC200C7563A /* main.m */,
			);
			path = AndJummumUrl;
			sourceTree = "<group>";
		};
		EF9C5C9F21114DC300C7563A /* AndJummumUrlTests */ = {
			isa = PBXGroup;
			children = (
				EF9C5CA021114DC300C7563A /* AndJummumUrlTests.m */,
				EF9C5CA221114DC300C7563A /* Info.plist */,
			);
			path = AndJummumUrlTests;
			sourceTree = "<group>";
		};
		EF9C5CAA21114DC300C7563A /* AndJummumUrlUITests */ = {
			isa = PBXGroup;
			children = (
				EF9C5CAB21114DC300C7563A /* AndJummumUrlUITests.m */,
				EF9C5CAD21114DC300C7563A /* Info.plist */,
			);
			path = AndJummumUrlUITests;
			sourceTree = "<group>";
		};
/* End PBXGroup section */

/* Begin PBXNativeTarget section */
		EF9C5C7D21114DC000C7563A /* AndJummumUrl */ = {
			isa = PBXNativeTarget;
			buildConfigurationList = EF9C5CB021114DC300C7563A /* Build configuration list for PBXNativeTarget "AndJummumUrl" */;
			buildPhases = (
				EF9C5C7A21114DC000C7563A /* Sources */,
				EF9C5C7B21114DC000C7563A /* Frameworks */,
				EF9C5C7C21114DC000C7563A /* Resources */,
			);
			buildRules = (
			);
			dependencies = (
			);
			name = AndJummumUrl;
			productName = AndJummumUrl;
			productReference = EF9C5C7E21114DC000C7563A /* AndJummumUrl.app */;
			productType = "com.apple.product-type.application";
		};
		EF9C5C9B21114DC300C7563A /* AndJummumUrlTests */ = {
			isa = PBXNativeTarget;
			buildConfigurationList = EF9C5CB321114DC300C7563A /* Build configuration list for PBXNativeTarget "AndJummumUrlTests" */;
			buildPhases = (
				EF9C5C9821114DC300C7563A /* Sources */,
				EF9C5C9921114DC300C7563A /* Frameworks */,
				EF9C5C9A21114DC300C7563A /* Resources */,
			);
			buildRules = (
			);
			dependencies = (
				EF9C5C9E21114DC300C7563A /* PBXTargetDependency */,
			);
			name = AndJummumUrlTests;
			productName = AndJummumUrlTests;
			productReference = EF9C5C9C21114DC300C7563A /* AndJummumUrlTests.xctest */;
			productType = "com.apple.product-type.bundle.unit-test";
		};
		EF9C5CA621114DC300C7563A /* AndJummumUrlUITests */ = {
			isa = PBXNativeTarget;
			buildConfigurationList = EF9C5CB621114DC300C7563A /* Build configuration list for PBXNativeTarget "AndJummumUrlUITests" */;
			buildPhases = (
				EF9C5CA321114DC300C7563A /* Sources */,
				EF9C5CA421114DC300C7563A /* Frameworks */,
				EF9C5CA521114DC300C7563A /* Resources */,
			);
			buildRules = (
			);
			dependencies = (
				EF9C5CA921114DC300C7563A /* PBXTargetDependency */,
			);
			name = AndJummumUrlUITests;
			productName = AndJummumUrlUITests;
			productReference = EF9C5CA721114DC300C7563A /* AndJummumUrlUITests.xctest */;
			productType = "com.apple.product-type.bundle.ui-testing";
		};
/* End PBXNativeTarget section */

/* Begin PBXProject section */
		EF9C5C7621114DC000C7563A /* Project object */ = {
			isa = PBXProject;
			attributes = {
				LastUpgradeCheck = 0940;
				ORGANIZATIONNAME = "Jummum Tech";
				TargetAttributes = {
					EF9C5C7D21114DC000C7563A = {
						CreatedOnToolsVersion = 9.4.1;
					};
					EF9C5C9B21114DC300C7563A = {
						CreatedOnToolsVersion = 9.4.1;
						TestTargetID = EF9C5C7D21114DC000C7563A;
					};
					EF9C5CA621114DC300C7563A = {
						CreatedOnToolsVersion = 9.4.1;
						TestTargetID = EF9C5C7D21114DC000C7563A;
					};
				};
			};
			buildConfigurationList = EF9C5C7921114DC000C7563A /* Build configuration list for PBXProject "AndJummumUrl" */;
			compatibilityVersion = "Xcode 9.3";
			developmentRegion = en;
			hasScannedForEncodings = 0;
			knownRegions = (
				en,
				Base,
			);
			mainGroup = EF9C5C7521114DC000C7563A;
			productRefGroup = EF9C5C7F21114DC000C7563A /* Products */;
			projectDirPath = "";
			projectRoot = "";
			targets = (
				EF9C5C7D21114DC000C7563A /* AndJummumUrl */,
				EF9C5C9B21114DC300C7563A /* AndJummumUrlTests */,
				EF9C5CA621114DC300C7563A /* AndJummumUrlUITests */,
			);
		};
/* End PBXProject section */

/* Begin PBXResourcesBuildPhase section */
		EF9C5C7C21114DC000C7563A /* Resources */ = {
			isa = PBXResourcesBuildPhase;
			buildActionMask = 2147483647;
			files = (
				EF9C5C9421114DC200C7563A /* LaunchScreen.storyboard in Resources */,
				EF9C5C9121114DC200C7563A /* Assets.xcassets in Resources */,
				EF9C5D0221116FF700C7563A /* AndJummum Url in Resources */,
				EF9C5C8F21114DC100C7563A /* Main.storyboard in Resources */,
			);
			runOnlyForDeploymentPostprocessing = 0;
		};
		EF9C5C9A21114DC300C7563A /* Resources */ = {
			isa = PBXResourcesBuildPhase;
			buildActionMask = 2147483647;
			files = (
			);
			runOnlyForDeploymentPostprocessing = 0;
		};
		EF9C5CA521114DC300C7563A /* Resources */ = {
			isa = PBXResourcesBuildPhase;
			buildActionMask = 2147483647;
			files = (
			);
			runOnlyForDeploymentPostprocessing = 0;
		};
/* End PBXResourcesBuildPhase section */

/* Begin PBXSourcesBuildPhase section */
		EF9C5C7A21114DC000C7563A /* Sources */ = {
			isa = PBXSourcesBuildPhase;
			buildActionMask = 2147483647;
			files = (
				EF9C5C9721114DC200C7563A /* main.m in Sources */,
				EF9C5C8C21114DC100C7563A /* Document.m in Sources */,
				EF9C5C8621114DC100C7563A /* DocumentBrowserViewController.m in Sources */,
				EF9C5C8921114DC100C7563A /* DocumentViewController.m in Sources */,
				EF9C5C8321114DC100C7563A /* AppDelegate.m in Sources */,
			);
			runOnlyForDeploymentPostprocessing = 0;
		};
		EF9C5C9821114DC300C7563A /* Sources */ = {
			isa = PBXSourcesBuildPhase;
			buildActionMask = 2147483647;
			files = (
				EF9C5CA121114DC300C7563A /* AndJummumUrlTests.m in Sources */,
			);
			runOnlyForDeploymentPostprocessing = 0;
		};
		EF9C5CA321114DC300C7563A /* Sources */ = {
			isa = PBXSourcesBuildPhase;
			buildActionMask = 2147483647;
			files = (
				EF9C5CAC21114DC300C7563A /* AndJummumUrlUITests.m in Sources */,
			);
			runOnlyForDeploymentPostprocessing = 0;
		};
/* End PBXSourcesBuildPhase section */

/* Begin PBXTargetDependency section */
		EF9C5C9E21114DC300C7563A /* PBXTargetDependency */ = {
			isa = PBXTargetDependency;
			target = EF9C5C7D21114DC000C7563A /* AndJummumUrl */;
			targetProxy = EF9C5C9D21114DC300C7563A /* PBXContainerItemProxy */;
		};
		EF9C5CA921114DC300C7563A /* PBXTargetDependency */ = {
			isa = PBXTargetDependency;
			target = EF9C5C7D21114DC000C7563A /* AndJummumUrl */;
			targetProxy = EF9C5CA821114DC300C7563A /* PBXContainerItemProxy */;
		};
/* End PBXTargetDependency section */

/* Begin PBXVariantGroup section */
		EF9C5C8D21114DC100C7563A /* Main.storyboard */ = {
			isa = PBXVariantGroup;
			children = (
				EF9C5C8E21114DC100C7563A /* Base */,
			);
			name = Main.storyboard;
			sourceTree = "<group>";
		};
		EF9C5C9221114DC200C7563A /* LaunchScreen.storyboard */ = {
			isa = PBXVariantGroup;
			children = (
				EF9C5C9321114DC200C7563A /* Base */,
			);
			name = LaunchScreen.storyboard;
			sourceTree = "<group>";
		};
/* End PBXVariantGroup section */

/* Begin XCBuildConfiguration section */
		EF9C5CAE21114DC300C7563A /* Debug */ = {
			isa = XCBuildConfiguration;
			buildSettings = {
				ALWAYS_SEARCH_USER_PATHS = NO;
				CLANG_ANALYZER_NONNULL = YES;
				CLANG_ANALYZER_NUMBER_OBJECT_CONVERSION = YES_AGGRESSIVE;
				CLANG_CXX_LANGUAGE_STANDARD = "gnu++14";
				CLANG_CXX_LIBRARY = "libc++";
				CLANG_ENABLE_MODULES = YES;
				CLANG_ENABLE_OBJC_ARC = YES;
				CLANG_ENABLE_OBJC_WEAK = YES;
				CLANG_WARN_BLOCK_CAPTURE_AUTORELEASING = YES;
				CLANG_WARN_BOOL_CONVERSION = YES;
				CLANG_WARN_COMMA = YES;
				CLANG_WARN_CONSTANT_CONVERSION = YES;
				CLANG_WARN_DEPRECATED_OBJC_IMPLEMENTATIONS = YES;
				CLANG_WARN_DIRECT_OBJC_ISA_USAGE = YES_ERROR;
				CLANG_WARN_DOCUMENTATION_COMMENTS = YES;
				CLANG_WARN_EMPTY_BODY = YES;
				CLANG_WARN_ENUM_CONVERSION = YES;
				CLANG_WARN_INFINITE_RECURSION = YES;
				CLANG_WARN_INT_CONVERSION = YES;
				CLANG_WARN_NON_LITERAL_NULL_CONVERSION = YES;
				CLANG_WARN_OBJC_IMPLICIT_RETAIN_SELF = YES;
				CLANG_WARN_OBJC_LITERAL_CONVERSION = YES;
				CLANG_WARN_OBJC_ROOT_CLASS = YES_ERROR;
				CLANG_WARN_RANGE_LOOP_ANALYSIS = YES;
				CLANG_WARN_STRICT_PROTOTYPES = YES;
				CLANG_WARN_SUSPICIOUS_MOVE = YES;
				CLANG_WARN_UNGUARDED_AVAILABILITY = YES_AGGRESSIVE;
				CLANG_WARN_UNREACHABLE_CODE = YES;
				CLANG_WARN__DUPLICATE_METHOD_MATCH = YES;
				CODE_SIGN_IDENTITY = "iPhone Developer";
				COPY_PHASE_STRIP = NO;
				DEBUG_INFORMATION_FORMAT = dwarf;
				ENABLE_STRICT_OBJC_MSGSEND = YES;
				ENABLE_TESTABILITY = YES;
				GCC_C_LANGUAGE_STANDARD = gnu11;
				GCC_DYNAMIC_NO_PIC = NO;
				GCC_NO_COMMON_BLOCKS = YES;
				GCC_OPTIMIZATION_LEVEL = 0;
				GCC_PREPROCESSOR_DEFINITIONS = (
					"DEBUG=1",
					"$(inherited)",
				);
				GCC_WARN_64_TO_32_BIT_CONVERSION = YES;
				GCC_WARN_ABOUT_RETURN_TYPE = YES_ERROR;
				GCC_WARN_UNDECLARED_SELECTOR = YES;
				GCC_WARN_UNINITIALIZED_AUTOS = YES_AGGRESSIVE;
				GCC_WARN_UNUSED_FUNCTION = YES;
				GCC_WARN_UNUSED_VARIABLE = YES;
				IPHONEOS_DEPLOYMENT_TARGET = 11.4;
				MTL_ENABLE_DEBUG_INFO = YES;
				ONLY_ACTIVE_ARCH = YES;
				SDKROOT = iphoneos;
			};
			name = Debug;
		};
		EF9C5CAF21114DC300C7563A /* Release */ = {
			isa = XCBuildConfiguration;
			buildSettings = {
				ALWAYS_SEARCH_USER_PATHS = NO;
				CLANG_ANALYZER_NONNULL = YES;
				CLANG_ANALYZER_NUMBER_OBJECT_CONVERSION = YES_AGGRESSIVE;
				CLANG_CXX_LANGUAGE_STANDARD = "gnu++14";
				CLANG_CXX_LIBRARY = "libc++";
				CLANG_ENABLE_MODULES = YES;
				CLANG_ENABLE_OBJC_ARC = YES;
				CLANG_ENABLE_OBJC_WEAK = YES;
				CLANG_WARN_BLOCK_CAPTURE_AUTORELEASING = YES;
				CLANG_WARN_BOOL_CONVERSION = YES;
				CLANG_WARN_COMMA = YES;
				CLANG_WARN_CONSTANT_CONVERSION = YES;
				CLANG_WARN_DEPRECATED_OBJC_IMPLEMENTATIONS = YES;
				CLANG_WARN_DIRECT_OBJC_ISA_USAGE = YES_ERROR;
				CLANG_WARN_DOCUMENTATION_COMMENTS = YES;
				CLANG_WARN_EMPTY_BODY = YES;
				CLANG_WARN_ENUM_CONVERSION = YES;
				CLANG_WARN_INFINITE_RECURSION = YES;
				CLANG_WARN_INT_CONVERSION = YES;
				CLANG_WARN_NON_LITERAL_NULL_CONVERSION = YES;
				CLANG_WARN_OBJC_IMPLICIT_RETAIN_SELF = YES;
				CLANG_WARN_OBJC_LITERAL_CONVERSION = YES;
				CLANG_WARN_OBJC_ROOT_CLASS = YES_ERROR;
				CLANG_WARN_RANGE_LOOP_ANALYSIS = YES;
				CLANG_WARN_STRICT_PROTOTYPES = YES;
				CLANG_WARN_SUSPICIOUS_MOVE = YES;
				CLANG_WARN_UNGUARDED_AVAILABILITY = YES_AGGRESSIVE;
				CLANG_WARN_UNREACHABLE_CODE = YES;
				CLANG_WARN__DUPLICATE_METHOD_MATCH = YES;
				CODE_SIGN_IDENTITY = "iPhone Developer";
				COPY_PHASE_STRIP = NO;
				DEBUG_INFORMATION_FORMAT = "dwarf-with-dsym";
				ENABLE_NS_ASSERTIONS = NO;
				ENABLE_STRICT_OBJC_MSGSEND = YES;
				GCC_C_LANGUAGE_STANDARD = gnu11;
				GCC_NO_COMMON_BLOCKS = YES;
				GCC_WARN_64_TO_32_BIT_CONVERSION = YES;
				GCC_WARN_ABOUT_RETURN_TYPE = YES_ERROR;
				GCC_WARN_UNDECLARED_SELECTOR = YES;
				GCC_WARN_UNINITIALIZED_AUTOS = YES_AGGRESSIVE;
				GCC_WARN_UNUSED_FUNCTION = YES;
				GCC_WARN_UNUSED_VARIABLE = YES;
				IPHONEOS_DEPLOYMENT_TARGET = 11.4;
				MTL_ENABLE_DEBUG_INFO = NO;
				SDKROOT = iphoneos;
				VALIDATE_PRODUCT = YES;
			};
			name = Release;
		};
		EF9C5CB121114DC300C7563A /* Debug */ = {
			isa = XCBuildConfiguration;
			buildSettings = {
				ASSETCATALOG_COMPILER_APPICON_NAME = AppIcon;
				CODE_SIGN_STYLE = Automatic;
				DEVELOPMENT_TEAM = DF8AZLDC5D;
				INFOPLIST_FILE = AndJummumUrl/Info.plist;
				LD_RUNPATH_SEARCH_PATHS = (
					"$(inherited)",
					"@executable_path/Frameworks",
				);
				PRODUCT_BUNDLE_IDENTIFIER = com.JummumCo.AndJummumUrl;
				PRODUCT_NAME = "$(TARGET_NAME)";
				TARGETED_DEVICE_FAMILY = "1,2";
			};
			name = Debug;
		};
		EF9C5CB221114DC300C7563A /* Release */ = {
			isa = XCBuildConfiguration;
			buildSettings = {
				ASSETCATALOG_COMPILER_APPICON_NAME = AppIcon;
				CODE_SIGN_STYLE = Automatic;
				DEVELOPMENT_TEAM = DF8AZLDC5D;
				INFOPLIST_FILE = AndJummumUrl/Info.plist;
				LD_RUNPATH_SEARCH_PATHS = (
					"$(inherited)",
					"@executable_path/Frameworks",
				);
				PRODUCT_BUNDLE_IDENTIFIER = com.JummumCo.AndJummumUrl;
				PRODUCT_NAME = "$(TARGET_NAME)";
				TARGETED_DEVICE_FAMILY = "1,2";
			};
			name = Release;
		};
		EF9C5CB421114DC300C7563A /* Debug */ = {
			isa = XCBuildConfiguration;
			buildSettings = {
				BUNDLE_LOADER = "$(TEST_HOST)";
				CODE_SIGN_STYLE = Automatic;
				DEVELOPMENT_TEAM = DF8AZLDC5D;
				INFOPLIST_FILE = AndJummumUrlTests/Info.plist;
				LD_RUNPATH_SEARCH_PATHS = (
					"$(inherited)",
					"@executable_path/Frameworks",
					"@loader_path/Frameworks",
				);
				PRODUCT_BUNDLE_IDENTIFIER = com.JummumCo.AndJummumUrlTests;
				PRODUCT_NAME = "$(TARGET_NAME)";
				TARGETED_DEVICE_FAMILY = "1,2";
				TEST_HOST = "$(BUILT_PRODUCTS_DIR)/AndJummumUrl.app/AndJummumUrl";
			};
			name = Debug;
		};
		EF9C5CB521114DC300C7563A /* Release */ = {
			isa = XCBuildConfiguration;
			buildSettings = {
				BUNDLE_LOADER = "$(TEST_HOST)";
				CODE_SIGN_STYLE = Automatic;
				DEVELOPMENT_TEAM = DF8AZLDC5D;
				INFOPLIST_FILE = AndJummumUrlTests/Info.plist;
				LD_RUNPATH_SEARCH_PATHS = (
					"$(inherited)",
					"@executable_path/Frameworks",
					"@loader_path/Frameworks",
				);
				PRODUCT_BUNDLE_IDENTIFIER = com.JummumCo.AndJummumUrlTests;
				PRODUCT_NAME = "$(TARGET_NAME)";
				TARGETED_DEVICE_FAMILY = "1,2";
				TEST_HOST = "$(BUILT_PRODUCTS_DIR)/AndJummumUrl.app/AndJummumUrl";
			};
			name = Release;
		};
		EF9C5CB721114DC300C7563A /* Debug */ = {
			isa = XCBuildConfiguration;
			buildSettings = {
				CODE_SIGN_STYLE = Automatic;
				DEVELOPMENT_TEAM = DF8AZLDC5D;
				INFOPLIST_FILE = AndJummumUrlUITests/Info.plist;
				LD_RUNPATH_SEARCH_PATHS = (
					"$(inherited)",
					"@executable_path/Frameworks",
					"@loader_path/Frameworks",
				);
				PRODUCT_BUNDLE_IDENTIFIER = com.JummumCo.AndJummumUrlUITests;
				PRODUCT_NAME = "$(TARGET_NAME)";
				TARGETED_DEVICE_FAMILY = "1,2";
				TEST_TARGET_NAME = AndJummumUrl;
			};
			name = Debug;
		};
		EF9C5CB821114DC300C7563A /* Release */ = {
			isa = XCBuildConfiguration;
			buildSettings = {
				CODE_SIGN_STYLE = Automatic;
				DEVELOPMENT_TEAM = DF8AZLDC5D;
				INFOPLIST_FILE = AndJummumUrlUITests/Info.plist;
				LD_RUNPATH_SEARCH_PATHS = (
					"$(inherited)",
					"@executable_path/Frameworks",
					"@loader_path/Frameworks",
				);
				PRODUCT_BUNDLE_IDENTIFIER = com.JummumCo.AndJummumUrlUITests;
				PRODUCT_NAME = "$(TARGET_NAME)";
				TARGETED_DEVICE_FAMILY = "1,2";
				TEST_TARGET_NAME = AndJummumUrl;
			};
			name = Release;
		};
/* End XCBuildConfiguration section */

/* Begin XCConfigurationList section */
		EF9C5C7921114DC000C7563A /* Build configuration list for PBXProject "AndJummumUrl" */ = {
			isa = XCConfigurationList;
			buildConfigurations = (
				EF9C5CAE21114DC300C7563A /* Debug */,
				EF9C5CAF21114DC300C7563A /* Release */,
			);
			defaultConfigurationIsVisible = 0;
			defaultConfigurationName = Release;
		};
		EF9C5CB021114DC300C7563A /* Build configuration list for PBXNativeTarget "AndJummumUrl" */ = {
			isa = XCConfigurationList;
			buildConfigurations = (
				EF9C5CB121114DC300C7563A /* Debug */,
				EF9C5CB221114DC300C7563A /* Release */,
			);
			defaultConfigurationIsVisible = 0;
			defaultConfigurationName = Release;
		};
		EF9C5CB321114DC300C7563A /* Build configuration list for PBXNativeTarget "AndJummumUrlTests" */ = {
			isa = XCConfigurationList;
			buildConfigurations = (
				EF9C5CB421114DC300C7563A /* Debug */,
				EF9C5CB521114DC300C7563A /* Release */,
			);
			defaultConfigurationIsVisible = 0;
			defaultConfigurationName = Release;
		};
		EF9C5CB621114DC300C7563A /* Build configuration list for PBXNativeTarget "AndJummumUrlUITests" */ = {
			isa = XCConfigurationList;
			buildConfigurations = (
				EF9C5CB721114DC300C7563A /* Debug */,
				EF9C5CB821114DC300C7563A /* Release */,
			);
			defaultConfigurationIsVisible = 0;
			defaultConfigurationName = Release;
		};
/* End XCConfigurationList section */
	};
	rootObject = EF9C5C7621114DC000C7563A /* Project object */;
}
